
Microsoft Visual Studio Solution File, Format Version 12.00
# Visual Studio Version 16
VisualStudioVersion = 16.0.30204.135
MinimumVisualStudioVersion = 10.0.40219.1
Project("{9A19103F-16F7-4668-BE54-9A1E7A4F7556}") = "NUnitWillhaben1", "NUnitWillhaben1.csproj", "{56A92448-859E-439F-A33A-2948E288DC6C}"
EndProject
Global
	GlobalSection(SolutionConfigurationPlatforms) = preSolution
		Debug|Any CPU = Debug|Any CPU
		Release|Any CPU = Release|Any CPU
	EndGlobalSection
	GlobalSection(ProjectConfigurationPlatforms) = postSolution
		{56A92448-859E-439F-A33A-2948E288DC6C}.Debug|Any CPU.ActiveCfg = Debug|Any CPU
		{56A92448-859E-439F-A33A-2948E288DC6C}.Debug|Any CPU.Build.0 = Debug|Any CPU
		{56A92448-859E-439F-A33A-2948E288DC6C}.Release|Any CPU.ActiveCfg = Release|Any CPU
		{56A92448-859E-439F-A33A-2948E288DC6C}.Release|Any CPU.Build.0 = Release|Any CPU
	EndGlobalSection
	GlobalSection(SolutionProperties) = preSolution
		HideSolutionNode = FALSE
	EndGlobalSection
	GlobalSection(ExtensibilityGlobals) = postSolution
		SolutionGuid = {F8851C14-690D-48EA-A90F-07D48F218ACC}
	EndGlobalSection
EndGlobal
